{
    "_readme": [
        "This file locks the dependencies of your project to a known state",
        "Read more about it at http://getcomposer.org/doc/01-basic-usage.md#composer-lock-the-lock-file"
    ],
    "hash": "8bc2badc2eece7436d90a3601ee91df3",
    "packages": [
        {
            "name": "anahita/anahita",
            "version": "dev-master",
            "source": {
                "type": "git",
                "url": "https://github.com/anahitasocial/anahita.git",
                "reference": "7d233df3d54c9c81094ac390b238eba7cdf20eec"
            },
            "dist": {
                "type": "zip",
                "url": "https://api.github.com/repos/anahitasocial/anahita/zipball/7d233df3d54c9c81094ac390b238eba7cdf20eec",
                "reference": "7d233df3d54c9c81094ac390b238eba7cdf20eec",
                "shasum": ""
            },
            "require": {
                "dg/mysql-dump": "dev-master",
                "php": ">=5.3",
                "symfony/console": "2.1.*"
            },
            "bin": [
                "bin/anahita"
            ],
            "type": "project",
            "extra": {
                "branch-alias": {
                    "dev-master": "3.0.x-dev"
                }
            },
            "notification-url": "https://packagist.org/downloads/",
            "license": [
                "GPL-3.0"
            ],
            "description": "Anahita Social Networking Platform",
            "keywords": [
                "social platform"
            ],
            "time": "2013-07-20 08:35:19"
        },
        {
            "name": "dg/mysql-dump",
            "version": "dev-master",
            "source": {
                "type": "git",
                "url": "https://github.com/dg/MySQL-dump.git",
                "reference": "v1.1.0"
            },
            "dist": {
                "type": "zip",
                "url": "https://api.github.com/repos/dg/MySQL-dump/zipball/v1.1.0",
                "reference": "v1.1.0",
                "shasum": ""
            },
            "type": "library",
            "autoload": {
                "classmap": [
                    "MySQLDump.php"
                ]
            },
            "notification-url": "https://packagist.org/downloads/",
            "license": [
                "BSD-3"
            ],
            "authors": [
                {
                    "name": "David Grudl",
                    "homepage": "http://davidgrudl.com"
                }
            ],
            "description": "MySQL database dump.",
            "homepage": "https://github.com/dg/MySQL-dump",
            "keywords": [
                "mysql"
            ],
            "time": "2013-05-13 16:19:19"
        },
        {
            "name": "symfony/console",
            "version": "v2.1.11",
            "target-dir": "Symfony/Component/Console",
            "source": {
                "type": "git",
                "url": "https://github.com/symfony/Console.git",
                "reference": "v2.1.11"
            },
            "dist": {
                "type": "zip",
                "url": "https://api.github.com/repos/symfony/Console/zipball/v2.1.11",
                "reference": "v2.1.11",
                "shasum": ""
            },
            "require": {
                "php": ">=5.3.3"
            },
            "type": "library",
            "autoload": {
                "psr-0": {
                    "Symfony\\Component\\Console": ""
                }
            },
            "notification-url": "https://packagist.org/downloads/",
            "license": [
                "MIT"
            ],
            "authors": [
                {
                    "name": "Fabien Potencier",
                    "email": "fabien@symfony.com"
                },
                {
                    "name": "Symfony Community",
                    "homepage": "http://symfony.com/contributors"
                }
            ],
            "description": "Symfony Console Component",
            "homepage": "http://symfony.com",
            "time": "2013-05-26 18:42:07"
        }
    ],
    "packages-dev": [

    ],
    "aliases": [

    ],
    "minimum-stability": "dev",
    "stability-flags": [

    ],
    "platform": {
        "php": ">=5.3.3"
    },
    "platform-dev": [

    ]
}
